
Microsoft Visual Studio Solution File, Format Version 12.00
# Visual Studio Version 17
VisualStudioVersion = 17.11.35222.181
MinimumVisualStudioVersion = 10.0.40219.1
Project("{FAE04EC0-301F-11D3-BF4B-00C04F79EFBC}") = "MiniETicaret.Orders.WebAPI", "MiniETicaret.Orders.WebAPI.csproj", "{CBF6549B-43C2-4359-A5B5-4DBE74E7BDFB}"
EndProject
Global
	GlobalSection(SolutionConfigurationPlatforms) = preSolution
		Debug|Any CPU = Debug|Any CPU
		Release|Any CPU = Release|Any CPU
	EndGlobalSection
	GlobalSection(ProjectConfigurationPlatforms) = postSolution
		{CBF6549B-43C2-4359-A5B5-4DBE74E7BDFB}.Debug|Any CPU.ActiveCfg = Debug|Any CPU
		{CBF6549B-43C2-4359-A5B5-4DBE74E7BDFB}.Debug|Any CPU.Build.0 = Debug|Any CPU
		{CBF6549B-43C2-4359-A5B5-4DBE74E7BDFB}.Release|Any CPU.ActiveCfg = Release|Any CPU
		{CBF6549B-43C2-4359-A5B5-4DBE74E7BDFB}.Release|Any CPU.Build.0 = Release|Any CPU
	EndGlobalSection
	GlobalSection(SolutionProperties) = preSolution
		HideSolutionNode = FALSE
	EndGlobalSection
	GlobalSection(ExtensibilityGlobals) = postSolution
		SolutionGuid = {FD822561-9E71-488A-82B3-D1DE104BEB5A}
	EndGlobalSection
EndGlobal
